
Microsoft Visual Studio Solution File, Format Version 12.00
# Visual Studio Version 16
VisualStudioVersion = 16.0.29519.87
MinimumVisualStudioVersion = 10.0.40219.1
Project("{888888A0-9F3D-457C-B088-3A5042F75D52}") = "Game2", "Game2\Game2.pyproj", "{42098D83-8043-42D0-ACAF-0C19EA62BEED}"
EndProject
Global
	GlobalSection(SolutionConfigurationPlatforms) = preSolution
		Debug|Any CPU = Debug|Any CPU
		Release|Any CPU = Release|Any CPU
	EndGlobalSection
	GlobalSection(ProjectConfigurationPlatforms) = postSolution
		{42098D83-8043-42D0-ACAF-0C19EA62BEED}.Debug|Any CPU.ActiveCfg = Debug|Any CPU
		{42098D83-8043-42D0-ACAF-0C19EA62BEED}.Release|Any CPU.ActiveCfg = Release|Any CPU
	EndGlobalSection
	GlobalSection(SolutionProperties) = preSolution
		HideSolutionNode = FALSE
	EndGlobalSection
	GlobalSection(ExtensibilityGlobals) = postSolution
		SolutionGuid = {2DAABC0C-BB95-4856-B094-41DA9032E129}
	EndGlobalSection
EndGlobal
